
Microsoft Visual Studio Solution File, Format Version 12.00
# Visual Studio 15
VisualStudioVersion = 15.0.28307.329
MinimumVisualStudioVersion = 10.0.40219.1
Project("{FAE04EC0-301F-11D3-BF4B-00C04F79EFBC}") = "ChatServer", "ChatServer\ChatServer.csproj", "{DCF5ED78-6C49-43D9-8D40-0A3FA85DAA0F}"
EndProject
Global
	GlobalSection(SolutionConfigurationPlatforms) = preSolution
		Debug|Any CPU = Debug|Any CPU
		Release|Any CPU = Release|Any CPU
	EndGlobalSection
	GlobalSection(ProjectConfigurationPlatforms) = postSolution
		{DCF5ED78-6C49-43D9-8D40-0A3FA85DAA0F}.Debug|Any CPU.ActiveCfg = Debug|Any CPU
		{DCF5ED78-6C49-43D9-8D40-0A3FA85DAA0F}.Debug|Any CPU.Build.0 = Debug|Any CPU
		{DCF5ED78-6C49-43D9-8D40-0A3FA85DAA0F}.Release|Any CPU.ActiveCfg = Release|Any CPU
		{DCF5ED78-6C49-43D9-8D40-0A3FA85DAA0F}.Release|Any CPU.Build.0 = Release|Any CPU
	EndGlobalSection
	GlobalSection(SolutionProperties) = preSolution
		HideSolutionNode = FALSE
	EndGlobalSection
	GlobalSection(ExtensibilityGlobals) = postSolution
		SolutionGuid = {EED583E3-62E9-4C55-ADE9-21216B55D3E5}
	EndGlobalSection
EndGlobal
